
Microsoft Visual Studio Solution File, Format Version 12.00
# Visual Studio Version 17
VisualStudioVersion = 17.0.31512.422
MinimumVisualStudioVersion = 10.0.40219.1
Project("{2150E333-8FDC-42A3-9474-1A3956D46DE8}") = "Solution Items", "Solution Items", "{5C8A9A56-5DD6-4A0D-AB74-4487EB729ADF}"
	ProjectSection(SolutionItems) = preProject
		.editorconfig = .editorconfig
	EndProjectSection
EndProject
Project("{2150E333-8FDC-42A3-9474-1A3956D46DE8}") = "cf-resources", "cf-resources", "{D43188AB-1AFC-4329-B471-53FADBF189FE}"
	ProjectSection(SolutionItems) = preProject
		cf-resources\website-emailtoticket-lambda.yml = cf-resources\website-emailtoticket-lambda.yml
		cf-resources\website-instance-ec2-eip.yml = cf-resources\website-instance-ec2-eip.yml
		cf-resources\website-instance-ecr.yml = cf-resources\website-instance-ecr.yml
	EndProjectSection
EndProject
Project("{2150E333-8FDC-42A3-9474-1A3956D46DE8}") = "WebApp", "WebApp", "{BD59496D-77B6-44F7-81DA-976D17E01AD4}"
EndProject
Project("{9A19103F-16F7-4668-BE54-9A1E7A4F7556}") = "Fydar.Dev.WebApp", "Fydar.Dev.WebApp\Fydar.Dev.WebApp.csproj", "{1770DACA-13B2-416B-B961-F0F117BF4B7B}"
EndProject
Project("{9A19103F-16F7-4668-BE54-9A1E7A4F7556}") = "Fydar.Dev.WebApp.Client", "Fydar.Dev.WebApp.Client\Fydar.Dev.WebApp.Client.csproj", "{F8136058-1665-409D-B71D-3A42859912E3}"
EndProject
Project("{2150E333-8FDC-42A3-9474-1A3956D46DE8}") = "Services", "Services", "{DDB70C2B-0D0F-40A7-BE31-E91FD16B100C}"
EndProject
Project("{9A19103F-16F7-4668-BE54-9A1E7A4F7556}") = "Fydar.Dev.WebApp.Toolkit.Icons", "Fydar.Dev.WebApp.Toolkit.Icons\Fydar.Dev.WebApp.Toolkit.Icons.csproj", "{3666BE58-72E6-455F-AB30-798F21E50D50}"
EndProject
Project("{2150E333-8FDC-42A3-9474-1A3956D46DE8}") = "EmailReceive", "EmailReceive", "{1CA41541-0A8A-4E5E-84D2-E2BB2907FF81}"
EndProject
Project("{9A19103F-16F7-4668-BE54-9A1E7A4F7556}") = "Fydar.Dev.Services.EmailTickets", "Fydar.Dev.Services.EmailTickets\Fydar.Dev.Services.EmailTickets.csproj", "{E29A4FDC-4C2B-497D-80D8-001B605259A5}"
EndProject
Project("{9A19103F-16F7-4668-BE54-9A1E7A4F7556}") = "Fydar.Dev.Lambda.EmailToTicket", "Fydar.Dev.Lambda.EmailToTicket\Fydar.Dev.Lambda.EmailToTicket.csproj", "{F72E9AFC-E5E3-46E2-8825-0DBEE2A20158}"
EndProject
Project("{9A19103F-16F7-4668-BE54-9A1E7A4F7556}") = "Fydar.Dev.Lambda.EmailToTicket.Tests", "Fydar.Dev.Lambda.EmailToTicket.Tests\Fydar.Dev.Lambda.EmailToTicket.Tests.csproj", "{269C10E2-62F3-4D8A-BF75-A9323EBDD87B}"
EndProject
Global
	GlobalSection(SolutionConfigurationPlatforms) = preSolution
		Debug|Any CPU = Debug|Any CPU
		Debug|x86 = Debug|x86
		Release|Any CPU = Release|Any CPU
		Release|x86 = Release|x86
	EndGlobalSection
	GlobalSection(ProjectConfigurationPlatforms) = postSolution
		{1770DACA-13B2-416B-B961-F0F117BF4B7B}.Debug|Any CPU.ActiveCfg = Debug|Any CPU
		{1770DACA-13B2-416B-B961-F0F117BF4B7B}.Debug|Any CPU.Build.0 = Debug|Any CPU
		{1770DACA-13B2-416B-B961-F0F117BF4B7B}.Debug|x86.ActiveCfg = Debug|Any CPU
		{1770DACA-13B2-416B-B961-F0F117BF4B7B}.Debug|x86.Build.0 = Debug|Any CPU
		{1770DACA-13B2-416B-B961-F0F117BF4B7B}.Release|Any CPU.ActiveCfg = Release|Any CPU
		{1770DACA-13B2-416B-B961-F0F117BF4B7B}.Release|Any CPU.Build.0 = Release|Any CPU
		{1770DACA-13B2-416B-B961-F0F117BF4B7B}.Release|x86.ActiveCfg = Release|Any CPU
		{1770DACA-13B2-416B-B961-F0F117BF4B7B}.Release|x86.Build.0 = Release|Any CPU
		{F8136058-1665-409D-B71D-3A42859912E3}.Debug|Any CPU.ActiveCfg = Debug|Any CPU
		{F8136058-1665-409D-B71D-3A42859912E3}.Debug|Any CPU.Build.0 = Debug|Any CPU
		{F8136058-1665-409D-B71D-3A42859912E3}.Debug|x86.ActiveCfg = Debug|Any CPU
		{F8136058-1665-409D-B71D-3A42859912E3}.Debug|x86.Build.0 = Debug|Any CPU
		{F8136058-1665-409D-B71D-3A42859912E3}.Release|Any CPU.ActiveCfg = Release|Any CPU
		{F8136058-1665-409D-B71D-3A42859912E3}.Release|Any CPU.Build.0 = Release|Any CPU
		{F8136058-1665-409D-B71D-3A42859912E3}.Release|x86.ActiveCfg = Release|Any CPU
		{F8136058-1665-409D-B71D-3A42859912E3}.Release|x86.Build.0 = Release|Any CPU
		{3666BE58-72E6-455F-AB30-798F21E50D50}.Debug|Any CPU.ActiveCfg = Debug|Any CPU
		{3666BE58-72E6-455F-AB30-798F21E50D50}.Debug|Any CPU.Build.0 = Debug|Any CPU
		{3666BE58-72E6-455F-AB30-798F21E50D50}.Debug|x86.ActiveCfg = Debug|Any CPU
		{3666BE58-72E6-455F-AB30-798F21E50D50}.Debug|x86.Build.0 = Debug|Any CPU
		{3666BE58-72E6-455F-AB30-798F21E50D50}.Release|Any CPU.ActiveCfg = Release|Any CPU
		{3666BE58-72E6-455F-AB30-798F21E50D50}.Release|Any CPU.Build.0 = Release|Any CPU
		{3666BE58-72E6-455F-AB30-798F21E50D50}.Release|x86.ActiveCfg = Release|Any CPU
		{3666BE58-72E6-455F-AB30-798F21E50D50}.Release|x86.Build.0 = Release|Any CPU
		{E29A4FDC-4C2B-497D-80D8-001B605259A5}.Debug|Any CPU.ActiveCfg = Debug|Any CPU
		{E29A4FDC-4C2B-497D-80D8-001B605259A5}.Debug|Any CPU.Build.0 = Debug|Any CPU
		{E29A4FDC-4C2B-497D-80D8-001B605259A5}.Debug|x86.ActiveCfg = Debug|Any CPU
		{E29A4FDC-4C2B-497D-80D8-001B605259A5}.Debug|x86.Build.0 = Debug|Any CPU
		{E29A4FDC-4C2B-497D-80D8-001B605259A5}.Release|Any CPU.ActiveCfg = Release|Any CPU
		{E29A4FDC-4C2B-497D-80D8-001B605259A5}.Release|Any CPU.Build.0 = Release|Any CPU
		{E29A4FDC-4C2B-497D-80D8-001B605259A5}.Release|x86.ActiveCfg = Release|Any CPU
		{E29A4FDC-4C2B-497D-80D8-001B605259A5}.Release|x86.Build.0 = Release|Any CPU
		{F72E9AFC-E5E3-46E2-8825-0DBEE2A20158}.Debug|Any CPU.ActiveCfg = Debug|Any CPU
		{F72E9AFC-E5E3-46E2-8825-0DBEE2A20158}.Debug|Any CPU.Build.0 = Debug|Any CPU
		{F72E9AFC-E5E3-46E2-8825-0DBEE2A20158}.Debug|x86.ActiveCfg = Debug|Any CPU
		{F72E9AFC-E5E3-46E2-8825-0DBEE2A20158}.Debug|x86.Build.0 = Debug|Any CPU
		{F72E9AFC-E5E3-46E2-8825-0DBEE2A20158}.Release|Any CPU.ActiveCfg = Release|Any CPU
		{F72E9AFC-E5E3-46E2-8825-0DBEE2A20158}.Release|Any CPU.Build.0 = Release|Any CPU
		{F72E9AFC-E5E3-46E2-8825-0DBEE2A20158}.Release|x86.ActiveCfg = Release|Any CPU
		{F72E9AFC-E5E3-46E2-8825-0DBEE2A20158}.Release|x86.Build.0 = Release|Any CPU
		{269C10E2-62F3-4D8A-BF75-A9323EBDD87B}.Debug|Any CPU.ActiveCfg = Debug|Any CPU
		{269C10E2-62F3-4D8A-BF75-A9323EBDD87B}.Debug|Any CPU.Build.0 = Debug|Any CPU
		{269C10E2-62F3-4D8A-BF75-A9323EBDD87B}.Debug|x86.ActiveCfg = Debug|Any CPU
		{269C10E2-62F3-4D8A-BF75-A9323EBDD87B}.Debug|x86.Build.0 = Debug|Any CPU
		{269C10E2-62F3-4D8A-BF75-A9323EBDD87B}.Release|Any CPU.ActiveCfg = Release|Any CPU
		{269C10E2-62F3-4D8A-BF75-A9323EBDD87B}.Release|Any CPU.Build.0 = Release|Any CPU
		{269C10E2-62F3-4D8A-BF75-A9323EBDD87B}.Release|x86.ActiveCfg = Release|Any CPU
		{269C10E2-62F3-4D8A-BF75-A9323EBDD87B}.Release|x86.Build.0 = Release|Any CPU
	EndGlobalSection
	GlobalSection(SolutionProperties) = preSolution
		HideSolutionNode = FALSE
	EndGlobalSection
	GlobalSection(NestedProjects) = preSolution
		{D43188AB-1AFC-4329-B471-53FADBF189FE} = {5C8A9A56-5DD6-4A0D-AB74-4487EB729ADF}
		{1770DACA-13B2-416B-B961-F0F117BF4B7B} = {BD59496D-77B6-44F7-81DA-976D17E01AD4}
		{F8136058-1665-409D-B71D-3A42859912E3} = {BD59496D-77B6-44F7-81DA-976D17E01AD4}
		{3666BE58-72E6-455F-AB30-798F21E50D50} = {BD59496D-77B6-44F7-81DA-976D17E01AD4}
		{E29A4FDC-4C2B-497D-80D8-001B605259A5} = {DDB70C2B-0D0F-40A7-BE31-E91FD16B100C}
		{F72E9AFC-E5E3-46E2-8825-0DBEE2A20158} = {1CA41541-0A8A-4E5E-84D2-E2BB2907FF81}
		{269C10E2-62F3-4D8A-BF75-A9323EBDD87B} = {1CA41541-0A8A-4E5E-84D2-E2BB2907FF81}
	EndGlobalSection
	GlobalSection(ExtensibilityGlobals) = postSolution
		SolutionGuid = {8A760B08-A6FD-49DA-81C2-64E42FF8C180}
	EndGlobalSection
EndGlobal
